github.com/siderolabs/go-copy v0.1.0 h1:OIWCtSg+rhOtnIZTpT31Gfpn17rv5kwJqQHG+QUEgC8=
github.com/siderolabs/go-copy v0.1.0/go.mod h1:4bF2rZOZAR/ags/U4AVSpjFE5RPGdEeSkOq6yR9YOkU=
github.com/siderolabs/talos/pkg/machinery v1.13.8 h1:3h8wHf/6oCUHcCjjTDoOEzSW6E3ESCDuhoL8d6mIzR8=
github.com/siderolabs/talos/pkg/machinery v1.13.8/go.mod h1:2PtzQFjql5bg9YNp8gv1vARJT5rhmBUtoj1+fYXbLk8=
github.com/siderolabs/talos/pkg/machinery v1.14.0 h1:wVaf0IZhJLaOsr8OHvYR8RTDN4Gh9qqStd904eM5RlE=
github.com/siderolabs/talos/pkg/machinery v1.14.0/go.mod h1:8rhGLm+Se7X/VnTG6InEhagg7zCDUFRwfJjLcqGNw7w=
go.yaml.in/yaml/v4 v4.0.0-rc.4 h1:UP4+v6fFrBIb1l934bDl//mmnoIZEDK0idg1+AIvX5U=
go.yaml.in/yaml/v4 v4.0.0-rc.4/go.mod h1:aZqd9kCMsGL7AuUv/m/PvWLdg5sjJsZ4oHDEnfPPfY0=
go.yaml.in/yaml/v4 v4.0.0-rc.6 h1:1h7H1ohdUh93/FyE4YaDa1Zh64K6VVbjF4K6WUxMtH4=
go.yaml.in/yaml/v4 v4.0.0-rc.6/go.mod h1:aZqd9kCMsGL7AuUv/m/PvWLdg5sjJsZ4oHDEnfPPfY0=
